
Microsoft Visual Studio Solution File, Format Version 12.00
# Visual Studio Version 17
VisualStudioVersion = 17.0.31815.197
MinimumVisualStudioVersion = 10.0.40219.1
Project("{FAE04EC0-301F-11D3-BF4B-00C04F79EFBC}") = "ParserConsole", "ParserConsole\ParserConsole.csproj", "{C4F810F0-E302-4A3A-99A4-4706EC0DECF5}"
EndProject
Project("{FAE04EC0-301F-11D3-BF4B-00C04F79EFBC}") = "LogParser", "LogParser\LogParser.csproj", "{0C5FD905-66F1-439C-A022-2B205D6B4259}"
EndProject
Project("{FAE04EC0-301F-11D3-BF4B-00C04F79EFBC}") = "LogParserTests", "LogParserTests\LogParserTests.csproj", "{344BB7F9-C0F2-4EF2-8932-DE462D97DB1C}"
EndProject
Global
	GlobalSection(SolutionConfigurationPlatforms) = preSolution
		Debug|Any CPU = Debug|Any CPU
		Release|Any CPU = Release|Any CPU
	EndGlobalSection
	GlobalSection(ProjectConfigurationPlatforms) = postSolution
		{C4F810F0-E302-4A3A-99A4-4706EC0DECF5}.Debug|Any CPU.ActiveCfg = Debug|Any CPU
		{C4F810F0-E302-4A3A-99A4-4706EC0DECF5}.Debug|Any CPU.Build.0 = Debug|Any CPU
		{C4F810F0-E302-4A3A-99A4-4706EC0DECF5}.Release|Any CPU.ActiveCfg = Release|Any CPU
		{C4F810F0-E302-4A3A-99A4-4706EC0DECF5}.Release|Any CPU.Build.0 = Release|Any CPU
		{0C5FD905-66F1-439C-A022-2B205D6B4259}.Debug|Any CPU.ActiveCfg = Debug|Any CPU
		{0C5FD905-66F1-439C-A022-2B205D6B4259}.Debug|Any CPU.Build.0 = Debug|Any CPU
		{0C5FD905-66F1-439C-A022-2B205D6B4259}.Release|Any CPU.ActiveCfg = Release|Any CPU
		{0C5FD905-66F1-439C-A022-2B205D6B4259}.Release|Any CPU.Build.0 = Release|Any CPU
		{344BB7F9-C0F2-4EF2-8932-DE462D97DB1C}.Debug|Any CPU.ActiveCfg = Debug|Any CPU
		{344BB7F9-C0F2-4EF2-8932-DE462D97DB1C}.Debug|Any CPU.Build.0 = Debug|Any CPU
		{344BB7F9-C0F2-4EF2-8932-DE462D97DB1C}.Release|Any CPU.ActiveCfg = Release|Any CPU
		{344BB7F9-C0F2-4EF2-8932-DE462D97DB1C}.Release|Any CPU.Build.0 = Release|Any CPU
	EndGlobalSection
	GlobalSection(SolutionProperties) = preSolution
		HideSolutionNode = FALSE
	EndGlobalSection
	GlobalSection(ExtensibilityGlobals) = postSolution
		SolutionGuid = {425DD10C-A1C7-4FC8-AADD-027A55A7015F}
	EndGlobalSection
EndGlobal
